
Microsoft Visual Studio Solution File, Format Version 12.00
# Visual Studio Version 17
VisualStudioVersion = 17.0.31612.314
MinimumVisualStudioVersion = 10.0.40219.1
Project("{FAE04EC0-301F-11D3-BF4B-00C04F79EFBC}") = "Maps", "Maps.csproj", "{02AE6284-5044-4A23-B5D6-A86EE9C7DFA1}"
EndProject
Project("{9A19103F-16F7-4668-BE54-9A1E7A4F7556}") = "Traveller.Core", "Traveller.Core\Traveller.Core.csproj", "{1A696030-E073-4053-818D-E8EB72C71A52}"
EndProject
Project("{9A19103F-16F7-4668-BE54-9A1E7A4F7556}") = "Traveller.Parser", "Traveller.Parser\Traveller.Parser.csproj", "{83D4E6B0-9905-4AFE-8D39-674889B56280}"
EndProject
Project("{FAE04EC0-301F-11D3-BF4B-00C04F79EFBC}") = "Traveller.API", "Traveller.API\Traveller.API.csproj", "{6DFF70C4-5DE4-44CC-8CF1-B7F145CDF89E}"
EndProject
Project("{FAE04EC0-301F-11D3-BF4B-00C04F79EFBC}") = "Traveller.Tests.Core", "Traveller.Tests.Core\Traveller.Tests.Core.csproj", "{F63CD1A5-C454-4F7C-9F4F-68099B4A634D}"
EndProject
Project("{FAE04EC0-301F-11D3-BF4B-00C04F79EFBC}") = "Traveller.Renderer", "Traveller.Renderer\Traveller.Renderer.csproj", "{4D7C0D8F-5910-4FE1-8620-EB0F84716C48}"
EndProject
Global
	GlobalSection(SolutionConfigurationPlatforms) = preSolution
		Debug|Any CPU = Debug|Any CPU
		Release|Any CPU = Release|Any CPU
	EndGlobalSection
	GlobalSection(ProjectConfigurationPlatforms) = postSolution
		{02AE6284-5044-4A23-B5D6-A86EE9C7DFA1}.Debug|Any CPU.ActiveCfg = Debug|Any CPU
		{02AE6284-5044-4A23-B5D6-A86EE9C7DFA1}.Debug|Any CPU.Build.0 = Debug|Any CPU
		{02AE6284-5044-4A23-B5D6-A86EE9C7DFA1}.Release|Any CPU.ActiveCfg = Release|Any CPU
		{02AE6284-5044-4A23-B5D6-A86EE9C7DFA1}.Release|Any CPU.Build.0 = Release|Any CPU
		{1A696030-E073-4053-818D-E8EB72C71A52}.Debug|Any CPU.ActiveCfg = Debug|Any CPU
		{1A696030-E073-4053-818D-E8EB72C71A52}.Debug|Any CPU.Build.0 = Debug|Any CPU
		{1A696030-E073-4053-818D-E8EB72C71A52}.Release|Any CPU.ActiveCfg = Release|Any CPU
		{1A696030-E073-4053-818D-E8EB72C71A52}.Release|Any CPU.Build.0 = Release|Any CPU
		{83D4E6B0-9905-4AFE-8D39-674889B56280}.Debug|Any CPU.ActiveCfg = Debug|Any CPU
		{83D4E6B0-9905-4AFE-8D39-674889B56280}.Debug|Any CPU.Build.0 = Debug|Any CPU
		{83D4E6B0-9905-4AFE-8D39-674889B56280}.Release|Any CPU.ActiveCfg = Release|Any CPU
		{83D4E6B0-9905-4AFE-8D39-674889B56280}.Release|Any CPU.Build.0 = Release|Any CPU
		{6DFF70C4-5DE4-44CC-8CF1-B7F145CDF89E}.Debug|Any CPU.ActiveCfg = Debug|Any CPU
		{6DFF70C4-5DE4-44CC-8CF1-B7F145CDF89E}.Debug|Any CPU.Build.0 = Debug|Any CPU
		{6DFF70C4-5DE4-44CC-8CF1-B7F145CDF89E}.Release|Any CPU.ActiveCfg = Release|Any CPU
		{6DFF70C4-5DE4-44CC-8CF1-B7F145CDF89E}.Release|Any CPU.Build.0 = Release|Any CPU
		{F63CD1A5-C454-4F7C-9F4F-68099B4A634D}.Debug|Any CPU.ActiveCfg = Debug|Any CPU
		{F63CD1A5-C454-4F7C-9F4F-68099B4A634D}.Debug|Any CPU.Build.0 = Debug|Any CPU
		{F63CD1A5-C454-4F7C-9F4F-68099B4A634D}.Release|Any CPU.ActiveCfg = Release|Any CPU
		{F63CD1A5-C454-4F7C-9F4F-68099B4A634D}.Release|Any CPU.Build.0 = Release|Any CPU
		{4D7C0D8F-5910-4FE1-8620-EB0F84716C48}.Debug|Any CPU.ActiveCfg = Debug|Any CPU
		{4D7C0D8F-5910-4FE1-8620-EB0F84716C48}.Debug|Any CPU.Build.0 = Debug|Any CPU
		{4D7C0D8F-5910-4FE1-8620-EB0F84716C48}.Release|Any CPU.ActiveCfg = Release|Any CPU
		{4D7C0D8F-5910-4FE1-8620-EB0F84716C48}.Release|Any CPU.Build.0 = Release|Any CPU
	EndGlobalSection
	GlobalSection(SolutionProperties) = preSolution
		HideSolutionNode = FALSE
	EndGlobalSection
	GlobalSection(ExtensibilityGlobals) = postSolution
		SolutionGuid = {FA985982-BB38-4682-A6C3-B3A05D657605}
	EndGlobalSection
EndGlobal
